# @generated by Move, please check-in and do not edit manually.

[move]
version = 3
manifest_digest = "59785D440E4D230DB5301E6A4B9B49D7C59AC994C895B2E5BDD436A4C8E93219"
deps_digest = "F8BBB0CCB2491CA29A3DF03D6F92277A4F3574266507ACD77214D37ECA3F3082"
dependencies = [
  { id = "Sui", name = "Sui" },
]

[[move.package]]
id = "MoveStdlib"
source = { git = "https://github.com/MystenLabs/sui.git", rev = "framework/testnet", subdir = "crates\\sui-framework\\packages\\move-stdlib" }

[[move.package]]
id = "Sui"
source = { git = "https://github.com/MystenLabs/sui.git", rev = "framework/testnet", subdir = "crates/sui-framework/packages/sui-framework" }

dependencies = [
  { id = "MoveStdlib", name = "MoveStdlib" },
]

[move.toolchain-version]
compiler-version = "1.62.0"
edition = "2024"
flavor = "sui"

[env]

[env.custom]
chain-id = "4c78adac"
original-published-id = "0xe440177fdd4b9020e92d455c34ff2ad52c6ceb934ef23ece68921fb31bc67b6f"
latest-published-id = "0xe440177fdd4b9020e92d455c34ff2ad52c6ceb934ef23ece68921fb31bc67b6f"
published-version = "1"
